
Microsoft Visual Studio Solution File, Format Version 12.00
# Visual Studio 15
VisualStudioVersion = 15.0.27428.2015
MinimumVisualStudioVersion = 10.0.40219.1
Project("{FAE04EC0-301F-11D3-BF4B-00C04F79EFBC}") = "OrariMesimor", "OrariMesimor\OrariMesimor.csproj", "{9F360B30-AC18-4F4D-A66C-9AB835157026}"
EndProject
Project("{FAE04EC0-301F-11D3-BF4B-00C04F79EFBC}") = "OrariMesimorAngularJS", "OrariMesimorAngularJS\OrariMesimorAngularJS.csproj", "{A911560F-325D-46C0-8973-80CFE8FD2115}"
EndProject
Global
	GlobalSection(SolutionConfigurationPlatforms) = preSolution
		Debug|Any CPU = Debug|Any CPU
		Release|Any CPU = Release|Any CPU
	EndGlobalSection
	GlobalSection(ProjectConfigurationPlatforms) = postSolution
		{9F360B30-AC18-4F4D-A66C-9AB835157026}.Debug|Any CPU.ActiveCfg = Debug|Any CPU
		{9F360B30-AC18-4F4D-A66C-9AB835157026}.Debug|Any CPU.Build.0 = Debug|Any CPU
		{9F360B30-AC18-4F4D-A66C-9AB835157026}.Release|Any CPU.ActiveCfg = Release|Any CPU
		{9F360B30-AC18-4F4D-A66C-9AB835157026}.Release|Any CPU.Build.0 = Release|Any CPU
		{A911560F-325D-46C0-8973-80CFE8FD2115}.Debug|Any CPU.ActiveCfg = Debug|Any CPU
		{A911560F-325D-46C0-8973-80CFE8FD2115}.Debug|Any CPU.Build.0 = Debug|Any CPU
		{A911560F-325D-46C0-8973-80CFE8FD2115}.Release|Any CPU.ActiveCfg = Release|Any CPU
		{A911560F-325D-46C0-8973-80CFE8FD2115}.Release|Any CPU.Build.0 = Release|Any CPU
	EndGlobalSection
	GlobalSection(SolutionProperties) = preSolution
		HideSolutionNode = FALSE
	EndGlobalSection
	GlobalSection(ExtensibilityGlobals) = postSolution
		SolutionGuid = {B05EC78D-56EE-4F41-BBFA-3EFA6B4B1B22}
	EndGlobalSection
EndGlobal
